
Microsoft Visual Studio Solution File, Format Version 12.00
# Visual Studio Version 17
VisualStudioVersion = 17.2.32616.157
MinimumVisualStudioVersion = 10.0.40219.1
Project("{9A19103F-16F7-4668-BE54-9A1E7A4F7556}") = "School", "School\School.csproj", "{E8A5A590-AC3B-4AA2-8177-37635B4A2046}"
EndProject
Project("{9A19103F-16F7-4668-BE54-9A1E7A4F7556}") = "CDShopApp", "CDShopApp\CDShopApp.csproj", "{A90424EE-ADE2-46D6-9E24-D2D880583503}"
EndProject
Project("{FAE04EC0-301F-11D3-BF4B-00C04F79EFBC}") = "CDShopWebApi", "CDShopWebApi\CDShopWebApi.csproj", "{810B0EAE-43B8-4A23-9F23-56A69D1723DC}"
EndProject
Global
	GlobalSection(SolutionConfigurationPlatforms) = preSolution
		Debug|Any CPU = Debug|Any CPU
		Release|Any CPU = Release|Any CPU
	EndGlobalSection
	GlobalSection(ProjectConfigurationPlatforms) = postSolution
		{E8A5A590-AC3B-4AA2-8177-37635B4A2046}.Debug|Any CPU.ActiveCfg = Debug|Any CPU
		{E8A5A590-AC3B-4AA2-8177-37635B4A2046}.Debug|Any CPU.Build.0 = Debug|Any CPU
		{E8A5A590-AC3B-4AA2-8177-37635B4A2046}.Release|Any CPU.ActiveCfg = Release|Any CPU
		{E8A5A590-AC3B-4AA2-8177-37635B4A2046}.Release|Any CPU.Build.0 = Release|Any CPU
		{A90424EE-ADE2-46D6-9E24-D2D880583503}.Debug|Any CPU.ActiveCfg = Debug|Any CPU
		{A90424EE-ADE2-46D6-9E24-D2D880583503}.Debug|Any CPU.Build.0 = Debug|Any CPU
		{A90424EE-ADE2-46D6-9E24-D2D880583503}.Release|Any CPU.ActiveCfg = Release|Any CPU
		{A90424EE-ADE2-46D6-9E24-D2D880583503}.Release|Any CPU.Build.0 = Release|Any CPU
		{810B0EAE-43B8-4A23-9F23-56A69D1723DC}.Debug|Any CPU.ActiveCfg = Debug|Any CPU
		{810B0EAE-43B8-4A23-9F23-56A69D1723DC}.Debug|Any CPU.Build.0 = Debug|Any CPU
		{810B0EAE-43B8-4A23-9F23-56A69D1723DC}.Release|Any CPU.ActiveCfg = Release|Any CPU
		{810B0EAE-43B8-4A23-9F23-56A69D1723DC}.Release|Any CPU.Build.0 = Release|Any CPU
	EndGlobalSection
	GlobalSection(SolutionProperties) = preSolution
		HideSolutionNode = FALSE
	EndGlobalSection
	GlobalSection(ExtensibilityGlobals) = postSolution
		SolutionGuid = {9DBFC67A-E81F-453A-80F2-710C7F05B2C6}
	EndGlobalSection
EndGlobal
